{
  "version": "1.0",
  "generated": "2026-07-25T14:52:00Z",
  "platform": "linux/amd64",
  "tools": {
    "trivy": {
      "version": "0.69.3",
      "path": "/usr/local/bin/trivy",
      "platform": "linux/amd64",
      "sha256": "8266084a71d2e6a2333bc2c69b91c93c26dee9ef39ac2587ace2df54cc9b746b"
    },
    "gitleaks": {
      "version": "8.30.1",
      "path": "/usr/local/bin/gitleaks",
      "platform": "linux/amd64",
      "sha256": "88f91962aa2f93ac6ab281d553b9e125f5197bbbce38f9f2437f7299c32e5509"
    },
    "semgrep": {
      "version": "1.163.0",
      "path": "/home/penguin/.local/bin/semgrep",
      "platform": "linux/amd64",
      "sha256": "d32ee445ea34fe8ceead3038ef7e8bea9e9e1180b440987f92b762dd848b6057"
    },
    "bandit": {
      "version": "1.9.4",
      "path": "/home/penguin/.local/bin/bandit",
      "platform": "linux/amd64",
      "sha256": "343f1e582298c8d6c495365bed3f63e64a024e8d16d9272aaa31bcf60614ff12"
    },
    "shellcheck": {
      "version": "0.9.0",
      "path": "/usr/bin/shellcheck",
      "platform": "linux/amd64",
      "sha256": "54dc63164186ad21fb909f5194fb5291f4035c2d2cae04b5680385b8d8fbb73c"
    }
  }
}
